
Microsoft Visual Studio Solution File, Format Version 12.00
# Visual Studio Version 17
VisualStudioVersion = 17.7.33808.371
MinimumVisualStudioVersion = 10.0.40219.1
Project("{FAE04EC0-301F-11D3-BF4B-00C04F79EFBC}") = "Clock", "Clock\Clock.csproj", "{9253B47F-2F73-4854-B2A4-E09FBAB5CE62}"
EndProject
Global
	GlobalSection(SolutionConfigurationPlatforms) = preSolution
		Debug|Any CPU = Debug|Any CPU
		Release|Any CPU = Release|Any CPU
	EndGlobalSection
	GlobalSection(ProjectConfigurationPlatforms) = postSolution
		{9253B47F-2F73-4854-B2A4-E09FBAB5CE62}.Debug|Any CPU.ActiveCfg = Debug|Any CPU
		{9253B47F-2F73-4854-B2A4-E09FBAB5CE62}.Debug|Any CPU.Build.0 = Debug|Any CPU
		{9253B47F-2F73-4854-B2A4-E09FBAB5CE62}.Release|Any CPU.ActiveCfg = Release|Any CPU
		{9253B47F-2F73-4854-B2A4-E09FBAB5CE62}.Release|Any CPU.Build.0 = Release|Any CPU
	EndGlobalSection
	GlobalSection(SolutionProperties) = preSolution
		HideSolutionNode = FALSE
	EndGlobalSection
	GlobalSection(ExtensibilityGlobals) = postSolution
		SolutionGuid = {10D686A5-A96C-4FA0-92F8-7D92E15CE6DC}
	EndGlobalSection
EndGlobal
